
Microsoft Visual Studio Solution File, Format Version 12.00
# Visual Studio Version 17
VisualStudioVersion = 17.10.34916.146
MinimumVisualStudioVersion = 10.0.40219.1
Project("{FAE04EC0-301F-11D3-BF4B-00C04F79EFBC}") = "controle-jornada", "controle-jornada\controle-jornada.csproj", "{1016C7DE-8BF9-48A1-858C-E43D89505E25}"
EndProject
Global
	GlobalSection(SolutionConfigurationPlatforms) = preSolution
		Debug|Any CPU = Debug|Any CPU
		Release|Any CPU = Release|Any CPU
	EndGlobalSection
	GlobalSection(ProjectConfigurationPlatforms) = postSolution
		{1016C7DE-8BF9-48A1-858C-E43D89505E25}.Debug|Any CPU.ActiveCfg = Debug|Any CPU
		{1016C7DE-8BF9-48A1-858C-E43D89505E25}.Debug|Any CPU.Build.0 = Debug|Any CPU
		{1016C7DE-8BF9-48A1-858C-E43D89505E25}.Release|Any CPU.ActiveCfg = Release|Any CPU
		{1016C7DE-8BF9-48A1-858C-E43D89505E25}.Release|Any CPU.Build.0 = Release|Any CPU
	EndGlobalSection
	GlobalSection(SolutionProperties) = preSolution
		HideSolutionNode = FALSE
	EndGlobalSection
	GlobalSection(ExtensibilityGlobals) = postSolution
		SolutionGuid = {A678AF48-308F-4BB9-8455-C3D30E693F79}
	EndGlobalSection
EndGlobal
